
Microsoft Visual Studio Solution File, Format Version 12.00
# Visual Studio Version 16
VisualStudioVersion = 16.0.30907.101
MinimumVisualStudioVersion = 10.0.40219.1
Project("{9A19103F-16F7-4668-BE54-9A1E7A4F7556}") = "Core.CurrencyExchangeBot", "CurrencyExchangeBot\Core.CurrencyExchangeBot.csproj", "{D53AD9BB-8AFD-48BB-B1FB-6213DBBEF63A}"
EndProject
Project("{2150E333-8FDC-42A3-9474-1A3956D46DE8}") = "01-DataAccess", "01-DataAccess", "{AD760F9D-2004-436F-A60F-F89F095A43E7}"
EndProject
Project("{2150E333-8FDC-42A3-9474-1A3956D46DE8}") = "02-BusinessLogic", "02-BusinessLogic", "{A836D102-5DC5-493C-8899-57588F58CBFB}"
EndProject
Project("{2150E333-8FDC-42A3-9474-1A3956D46DE8}") = "03-Core", "03-Core", "{86DC7C99-14AD-42BF-94DF-3B521034D267}"
EndProject
Project("{9A19103F-16F7-4668-BE54-9A1E7A4F7556}") = "DataAccess.DataBaseLayer", "DataBaseLayer\DataAccess.DataBaseLayer.csproj", "{AADC7166-FBE1-45F6-8CFA-6E729CAC73F6}"
EndProject
Project("{9A19103F-16F7-4668-BE54-9A1E7A4F7556}") = "DataAccess.SeleniumHtmlParse", "SeleniumHtmlParse\DataAccess.SeleniumHtmlParse.csproj", "{7E1EDFC3-E69B-4B95-988A-A190428CA5F0}"
EndProject
Project("{9A19103F-16F7-4668-BE54-9A1E7A4F7556}") = "BusinessLogic.Database", "BisinessLogic.Database\BusinessLogic.Database.csproj", "{502881F6-BF45-49F5-B453-F7EFFD2B88DA}"
EndProject
Project("{9A19103F-16F7-4668-BE54-9A1E7A4F7556}") = "BusinessLogic.BotConnection", "BisinessLogic.BotConnection\BusinessLogic.BotConnection.csproj", "{198CD3AE-2879-4C7C-A148-ACFFB14164A6}"
EndProject
Project("{9A19103F-16F7-4668-BE54-9A1E7A4F7556}") = "BusinessLogic.Parser", "BissinessLogic.Parcer\BusinessLogic.Parser.csproj", "{9615507B-B7FC-45E5-83A9-682D4A1520F9}"
EndProject
Project("{9A19103F-16F7-4668-BE54-9A1E7A4F7556}") = "BusinessLogic.MenuStucture", "BusinessLogic.MenuStucture\BusinessLogic.MenuStucture.csproj", "{FA9A1614-D287-4685-8E4B-2C4A669DC386}"
EndProject
Project("{9A19103F-16F7-4668-BE54-9A1E7A4F7556}") = "Core.CurrencyParser", "Core.CurrencyParser\Core.CurrencyParser.csproj", "{739C3A72-2BA6-4F61-A2A4-3034F9E28DEF}"
EndProject
Project("{9A19103F-16F7-4668-BE54-9A1E7A4F7556}") = "BusinessLogic.GeoParser", "BusinessLogic.GeoParser\BusinessLogic.GeoParser.csproj", "{5415DA8C-6806-4D9B-8674-67C2687F3B88}"
EndProject
Project("{FAE04EC0-301F-11D3-BF4B-00C04F79EFBC}") = "DataAccess.TestEF", "DataAccess.TestEF\DataAccess.TestEF.csproj", "{512403C6-D24C-4AF8-913E-F23FA03230D8}"
EndProject
Global
	GlobalSection(SolutionConfigurationPlatforms) = preSolution
		Debug|Any CPU = Debug|Any CPU
		Release|Any CPU = Release|Any CPU
	EndGlobalSection
	GlobalSection(ProjectConfigurationPlatforms) = postSolution
		{D53AD9BB-8AFD-48BB-B1FB-6213DBBEF63A}.Debug|Any CPU.ActiveCfg = Debug|Any CPU
		{D53AD9BB-8AFD-48BB-B1FB-6213DBBEF63A}.Debug|Any CPU.Build.0 = Debug|Any CPU
		{D53AD9BB-8AFD-48BB-B1FB-6213DBBEF63A}.Release|Any CPU.ActiveCfg = Release|Any CPU
		{D53AD9BB-8AFD-48BB-B1FB-6213DBBEF63A}.Release|Any CPU.Build.0 = Release|Any CPU
		{AADC7166-FBE1-45F6-8CFA-6E729CAC73F6}.Debug|Any CPU.ActiveCfg = Debug|Any CPU
		{AADC7166-FBE1-45F6-8CFA-6E729CAC73F6}.Debug|Any CPU.Build.0 = Debug|Any CPU
		{AADC7166-FBE1-45F6-8CFA-6E729CAC73F6}.Release|Any CPU.ActiveCfg = Release|Any CPU
		{AADC7166-FBE1-45F6-8CFA-6E729CAC73F6}.Release|Any CPU.Build.0 = Release|Any CPU
		{7E1EDFC3-E69B-4B95-988A-A190428CA5F0}.Debug|Any CPU.ActiveCfg = Debug|Any CPU
		{7E1EDFC3-E69B-4B95-988A-A190428CA5F0}.Debug|Any CPU.Build.0 = Debug|Any CPU
		{7E1EDFC3-E69B-4B95-988A-A190428CA5F0}.Release|Any CPU.ActiveCfg = Release|Any CPU
		{7E1EDFC3-E69B-4B95-988A-A190428CA5F0}.Release|Any CPU.Build.0 = Release|Any CPU
		{502881F6-BF45-49F5-B453-F7EFFD2B88DA}.Debug|Any CPU.ActiveCfg = Debug|Any CPU
		{502881F6-BF45-49F5-B453-F7EFFD2B88DA}.Debug|Any CPU.Build.0 = Debug|Any CPU
		{502881F6-BF45-49F5-B453-F7EFFD2B88DA}.Release|Any CPU.ActiveCfg = Release|Any CPU
		{502881F6-BF45-49F5-B453-F7EFFD2B88DA}.Release|Any CPU.Build.0 = Release|Any CPU
		{198CD3AE-2879-4C7C-A148-ACFFB14164A6}.Debug|Any CPU.ActiveCfg = Debug|Any CPU
		{198CD3AE-2879-4C7C-A148-ACFFB14164A6}.Debug|Any CPU.Build.0 = Debug|Any CPU
		{198CD3AE-2879-4C7C-A148-ACFFB14164A6}.Release|Any CPU.ActiveCfg = Release|Any CPU
		{198CD3AE-2879-4C7C-A148-ACFFB14164A6}.Release|Any CPU.Build.0 = Release|Any CPU
		{9615507B-B7FC-45E5-83A9-682D4A1520F9}.Debug|Any CPU.ActiveCfg = Debug|Any CPU
		{9615507B-B7FC-45E5-83A9-682D4A1520F9}.Debug|Any CPU.Build.0 = Debug|Any CPU
		{9615507B-B7FC-45E5-83A9-682D4A1520F9}.Release|Any CPU.ActiveCfg = Release|Any CPU
		{9615507B-B7FC-45E5-83A9-682D4A1520F9}.Release|Any CPU.Build.0 = Release|Any CPU
		{FA9A1614-D287-4685-8E4B-2C4A669DC386}.Debug|Any CPU.ActiveCfg = Debug|Any CPU
		{FA9A1614-D287-4685-8E4B-2C4A669DC386}.Debug|Any CPU.Build.0 = Debug|Any CPU
		{FA9A1614-D287-4685-8E4B-2C4A669DC386}.Release|Any CPU.ActiveCfg = Release|Any CPU
		{FA9A1614-D287-4685-8E4B-2C4A669DC386}.Release|Any CPU.Build.0 = Release|Any CPU
		{739C3A72-2BA6-4F61-A2A4-3034F9E28DEF}.Debug|Any CPU.ActiveCfg = Debug|Any CPU
		{739C3A72-2BA6-4F61-A2A4-3034F9E28DEF}.Debug|Any CPU.Build.0 = Debug|Any CPU
		{739C3A72-2BA6-4F61-A2A4-3034F9E28DEF}.Release|Any CPU.ActiveCfg = Release|Any CPU
		{739C3A72-2BA6-4F61-A2A4-3034F9E28DEF}.Release|Any CPU.Build.0 = Release|Any CPU
		{5415DA8C-6806-4D9B-8674-67C2687F3B88}.Debug|Any CPU.ActiveCfg = Debug|Any CPU
		{5415DA8C-6806-4D9B-8674-67C2687F3B88}.Debug|Any CPU.Build.0 = Debug|Any CPU
		{5415DA8C-6806-4D9B-8674-67C2687F3B88}.Release|Any CPU.ActiveCfg = Release|Any CPU
		{5415DA8C-6806-4D9B-8674-67C2687F3B88}.Release|Any CPU.Build.0 = Release|Any CPU
		{512403C6-D24C-4AF8-913E-F23FA03230D8}.Debug|Any CPU.ActiveCfg = Debug|Any CPU
		{512403C6-D24C-4AF8-913E-F23FA03230D8}.Debug|Any CPU.Build.0 = Debug|Any CPU
		{512403C6-D24C-4AF8-913E-F23FA03230D8}.Release|Any CPU.ActiveCfg = Release|Any CPU
		{512403C6-D24C-4AF8-913E-F23FA03230D8}.Release|Any CPU.Build.0 = Release|Any CPU
	EndGlobalSection
	GlobalSection(SolutionProperties) = preSolution
		HideSolutionNode = FALSE
	EndGlobalSection
	GlobalSection(NestedProjects) = preSolution
		{D53AD9BB-8AFD-48BB-B1FB-6213DBBEF63A} = {86DC7C99-14AD-42BF-94DF-3B521034D267}
		{AADC7166-FBE1-45F6-8CFA-6E729CAC73F6} = {AD760F9D-2004-436F-A60F-F89F095A43E7}
		{7E1EDFC3-E69B-4B95-988A-A190428CA5F0} = {AD760F9D-2004-436F-A60F-F89F095A43E7}
		{502881F6-BF45-49F5-B453-F7EFFD2B88DA} = {A836D102-5DC5-493C-8899-57588F58CBFB}
		{198CD3AE-2879-4C7C-A148-ACFFB14164A6} = {A836D102-5DC5-493C-8899-57588F58CBFB}
		{9615507B-B7FC-45E5-83A9-682D4A1520F9} = {A836D102-5DC5-493C-8899-57588F58CBFB}
		{FA9A1614-D287-4685-8E4B-2C4A669DC386} = {A836D102-5DC5-493C-8899-57588F58CBFB}
		{739C3A72-2BA6-4F61-A2A4-3034F9E28DEF} = {86DC7C99-14AD-42BF-94DF-3B521034D267}
		{5415DA8C-6806-4D9B-8674-67C2687F3B88} = {A836D102-5DC5-493C-8899-57588F58CBFB}
		{512403C6-D24C-4AF8-913E-F23FA03230D8} = {AD760F9D-2004-436F-A60F-F89F095A43E7}
	EndGlobalSection
	GlobalSection(ExtensibilityGlobals) = postSolution
		SolutionGuid = {C631B7CF-2303-46A3-ACED-255843DA2E1C}
	EndGlobalSection
EndGlobal
